<?xml version="1.0" encoding="utf-8"?>
<Project ToolsVersion="4.0" xmlns="http://schemas.microsoft.com/developer/msbuild/2003">
  <ItemGroup>
    <Filter Include="Source Files">
      <UniqueIdentifier>{4FC737F1-C7A5-4376-A066-2A32D752A2FF}</UniqueIdentifier>
      <Extensions>cpp;c;cc;cxx;def;odl;idl;hpj;bat;asm;asmx</Extensions>
    </Filter>
    <Filter Include="Header Files">
      <UniqueIdentifier>{93995380-89BD-4b04-88EB-625FBE52EBFB}</UniqueIdentifier>
      <Extensions>h;hh;hpp;hxx;hm;inl;inc;ipp;xsd</Extensions>
    </Filter>
    <Filter Include="Resource Files">
      <UniqueIdentifier>{67DA6AB6-F800-4c08-8B7A-83BB121AAD01}</UniqueIdentifier>
      <Extensions>rc;ico;cur;bmp;dlg;rc2;rct;bin;rgs;gif;jpg;jpeg;jpe;resx;tiff;tif;png;wav;mfcribbon-ms</Extensions>
    </Filter>
  </ItemGroup>
  <ItemGroup>
    <None Include="Resources\Scripts\Game.lua" />
    <None Include="Resources\Data\Settings\WindowSettings.asset" />
    <None Include="Build Events\CopyDependencyFiles.bat">
      <Filter>Source Files</Filter>
    </None>
    <None Include="Resources\Prefabs\Debugging\FPSCounter.prefab" />
    <None Include="Resources\Videos\IntroMovie.mpeg" />
    <None Include="Resources\Prefabs\Debugging\GameplayDebugging.prefab" />
    <None Include="Resources\Scripts\Utility\RefreshResources.lua" />
    <None Include="Resources\Data\Modifiers\Home\HomeEducationModifier.asset" />
    <None Include="Resources\Data\Modifiers\Home\HomeHappinessModifier.asset" />
    <None Include="Resources\Data\Modifiers\Home\HomeHealthModifier.asset" />
    <None Include="Resources\Data\Modifiers\Home\HomeMoneyModifier.asset" />
    <None Include="Resources\Data\Modifiers\Home\HomeSafetyModifier.asset" />
    <None Include="Resources\Data\Modifiers\Hospital\HospitalEducationModifier.asset" />
    <None Include="Resources\Data\Modifiers\Hospital\HospitalHappinessModifier.asset" />
    <None Include="Resources\Data\Modifiers\Hospital\HospitalHealthModifier.asset" />
    <None Include="Resources\Data\Modifiers\Hospital\HospitalMoneyModifier.asset" />
    <None Include="Resources\Data\Modifiers\Hospital\HospitalSafetyModifier.asset" />
    <None Include="Resources\Data\Modifiers\Market\MarketEducationModifier.asset" />
    <None Include="Resources\Data\Modifiers\Market\MarketHappinessModifier.asset" />
    <None Include="Resources\Data\Modifiers\Market\MarketHealthModifier.asset" />
    <None Include="Resources\Data\Modifiers\Market\MarketMoneyModifier.asset" />
    <None Include="Resources\Data\Modifiers\Market\MarketSafetyModifier.asset" />
    <None Include="Resources\Data\Modifiers\Mosque\MosqueEducationModifier.asset" />
    <None Include="Resources\Data\Modifiers\Mosque\MosqueHappinessModifier.asset" />
    <None Include="Resources\Data\Modifiers\Mosque\MosqueHealthModifier.asset" />
    <None Include="Resources\Data\Modifiers\Mosque\MosqueMoneyModifier.asset" />
    <None Include="Resources\Data\Modifiers\Mosque\MosqueSafetyModifier.asset" />
    <None Include="Resources\Data\Modifiers\School\SchoolEducationModifier.asset" />
    <None Include="Resources\Data\Modifiers\School\SchoolHappinessModifier.asset" />
    <None Include="Resources\Data\Modifiers\School\SchoolHealthModifier.asset" />
    <None Include="Resources\Data\Modifiers\School\SchoolMoneyModifier.asset" />
    <None Include="Resources\Data\Modifiers\School\SchoolSafetyModifier.asset" />
    <None Include="Resources\Data\Modifiers\Well\WellEducationModifier.asset" />
    <None Include="Resources\Data\Modifiers\Well\WellHappinessModifier.asset" />
    <None Include="Resources\Data\Modifiers\Well\WellHealthModifier.asset" />
    <None Include="Resources\Data\Modifiers\Well\WellMoneyModifier.asset" />
    <None Include="Resources\Data\Modifiers\Well\WellSafetyModifier.asset" />
    <None Include="Resources\Data\Modifiers\Farm\FarmEducationModifier.asset" />
    <None Include="Resources\Data\Modifiers\Farm\FarmHappinessModifier.asset" />
    <None Include="Resources\Data\Modifiers\Farm\FarmHealthModifier.asset" />
    <None Include="Resources\Data\Modifiers\Farm\FarmMoneyModifier.asset" />
    <None Include="Resources\Data\Modifiers\Farm\FarmSafetyModifier.asset" />
    <None Include="Resources\Scripts\Tutorials\Tutorials.lua" />
    <None Include="Resources\Scripts\Tutorials\IntroVideo.lua" />
    <None Include="Resources\Scripts\Screens\GameplayScreen.lua" />
    <None Include="Resources\Prefabs\UI\TopBar.prefab" />
    <None Include="Resources\Screens\DebugTools.screen" />
    <None Include="Resources\Screens\Gameplay.screen" />
    <None Include="Resources\Screens\Loading.screen" />
    <None Include="Resources\Screens\MainMenu.screen" />
    <None Include="Resources\Screens\Options.screen" />
    <None Include="Resources\Screens\Splash.screen" />
    <None Include="Resources\Scripts\UI\Family\ChildStatsDialog.lua" />
    <None Include="Resources\Prefabs\UI\Family\ChildStatsDialog.prefab" />
    <None Include="Resources\Scripts\UI\TopBar.lua" />
    <None Include="Resources\Scripts\UI\Family\ChildIcon.lua" />
    <None Include="Resources\Prefabs\UI\InGameMenu.prefab" />
    <None Include="Resources\Scripts\UI\InGameMenu.lua" />
    <None Include="Resources\Scripts\Screens\MainMenuScreen.lua" />
    <None Include="Resources\Scripts\Commands\StartGameplayCommand.lua" />
    <None Include="Resources\Scripts\Screens\OptionsScreen.lua" />
    <None Include="Resources\Scripts\Screens\SplashScreen.lua" />
    <None Include="Resources\Scripts\OOP\Class.lua" />
    <None Include="Resources\Prefabs\UI\Family\ChildIcon.prefab" />
    <None Include="Resources\Prefabs\UI\Family\FamilyPanel.prefab" />
    <None Include="Resources\Scripts\Events\Event.lua" />
    <None Include="Resources\Scripts\Time\TimeComponent.lua" />
    <None Include="Resources\Scripts\Components\MCFComponents.lua" />
    <None Include="Resources\Scripts\Settings\GameSettings.lua" />
    <None Include="Resources\Scripts\UI\Events\GameEventDialog.lua" />
    <None Include="Resources\Scripts\UI\Events\GameEventNotification.lua" />
    <None Include="Resources\Prefabs\UI\Events\GameEventNotification.prefab" />
    <None Include="Resources\Scripts\UI\Events\GameEventsBar.lua" />
    <None Include="Resources\Data\Events\GameEventManager.asset" />
    <None Include="Resources\Data\Family\FamilyManager.asset" />
    <None Include="Resources\Data\Money\MoneyManager.asset" />
    <None Include="Resources\Data\Time\TimeManager.asset" />
    <None Include="Resources\Data\Events\WelcomeToZegoua.asset" />
    <None Include="Resources\Data\Events\SalaryIncreased.asset" />
    <None Include="Resources\Data\Events\SalaryDecreased.asset" />
    <None Include="Resources\Data\Events\PayBills.asset" />
    <None Include="Resources\Data\Modifiers\Events\Money\BaseBillsModifier.asset" />
    <None Include="Resources\Data\Events\Conditions\Time\Month4.asset" />
    <None Include="Resources\Data\Events\Conditions\Time\Month10.asset" />
    <None Include="Resources\Data\Events\Conditions\Random\SalaryDecreasedCheck.asset" />
    <None Include="Resources\Data\Events\Conditions\Random\SalaryIncreasedCheck.asset" />
    <None Include="Resources\Data\Events\Effects\Salary\DecrementSalaryLevel.asset" />
    <None Include="Resources\Data\Events\Conditions\Time\Day1.asset" />
    <None Include="Resources\Data\Events\Conditions\Time\Month0.asset" />
    <None Include="Resources\Data\Events\Effects\Family\UNPeaceKeepersArrivedEffect.asset" />
    <None Include="Resources\Data\Events\Effects\Persistence\SetUNPeaceKeepersArrivedOccurred.asset" />
    <None Include="Resources\Data\Modifiers\Events\Family\UNPeaceKeepersArrivedModifier.asset" />
    <None Include="Resources\Data\Events\Conditions\Persistence\CheckUNPeaceKeepersArrivedNotOccurred.asset" />
    <None Include="Resources\Data\Events\ChildExpelledFromSchool.asset" />
    <None Include="Resources\Data\Events\Conditions\Time\Day15.asset" />
    <None Include="Resources\Data\Events\Conditions\Random\ChildExpelledFromSchoolCheck.asset" />
    <None Include="Resources\Data\Events\Conditions\Family\AtLeastOneChildSafetyAtZero.asset" />
    <None Include="Resources\Data\Events\Effects\Family\SetChildEducationToZero.asset" />
    <None Include="Resources\Data\Modifiers\Events\Family\SetChildEducationToZero.asset" />
    <None Include="Resources\Scripts\UI\Family\FamilyPanel.lua" />
    <None Include="Resources\Scripts\UI\Money\MoneyPanel.lua" />
    <None Include="Resources\Scripts\UI\Time\TimePanel.lua" />
    <None Include="Resources\Prefabs\UI\Time\TimePanel.prefab" />
    <None Include="Resources\Prefabs\UI\Money\MoneyPanel.prefab" />
    <None Include="Resources\Scripts\UI\Locations\LocationIcon.lua" />
    <None Include="Resources\Scripts\UI\Locations\LocationsUI.lua" />
    <None Include="Resources\Data\Locations\Farm.asset" />
    <None Include="Resources\Data\Locations\Home.asset" />
    <None Include="Resources\Data\Locations\Hospital.asset" />
    <None Include="Resources\Data\Locations\Market.asset" />
    <None Include="Resources\Data\Locations\Mosque.asset" />
    <None Include="Resources\Data\Locations\School.asset" />
    <None Include="Resources\Data\Locations\Well.asset" />
    <None Include="Resources\Data\Locations\LocationsManager.asset" />
    <None Include="Resources\Prefabs\Gameplay\Locations\Farm.prefab" />
    <None Include="Resources\Prefabs\Gameplay\Locations\Home.prefab" />
    <None Include="Resources\Prefabs\Gameplay\Locations\Hospital.prefab" />
    <None Include="Resources\Prefabs\Gameplay\Locations\Market.prefab" />
    <None Include="Resources\Prefabs\Gameplay\Locations\Mosque.prefab" />
    <None Include="Resources\Prefabs\Gameplay\Locations\School.prefab" />
    <None Include="Resources\Prefabs\Gameplay\Locations\Well.prefab" />
    <None Include="Resources\Data\Events\Conditions\Locations\AtLeastOneChildAtSchool.asset" />
    <None Include="Resources\Prefabs\UI\InteractableLocationDialog.prefab" />
    <None Include="Resources\Scripts\UI\InteractableLocationDialog.lua" />
    <None Include="Resources\Data\Events\DailyFamilyModifications.asset" />
    <None Include="Resources\Data\Events\DailyLocationModifications.asset" />
    <None Include="Resources\Data\Events\Effects\Locations\TriggerDailyLocationModifications.asset" />
    <None Include="Resources\Data\Events\Effects\Family\TriggerDailyFamilyModifications.asset" />
  </ItemGroup>
  <ItemGroup>
    <Image Include="Resources\Textures\Cocoa Pod Collection\Childworker.png">
      <Filter>Resource Files</Filter>
    </Image>
    <Image Include="Resources\Textures\Cocoa Pod Collection\Clouds.png">
      <Filter>Resource Files</Filter>
    </Image>
    <Image Include="Resources\Textures\Cocoa Pod Collection\Farmer.png">
      <Filter>Resource Files</Filter>
    </Image>
    <Image Include="Resources\Textures\Cocoa Pod Collection\Ground.png">
      <Filter>Resource Files</Filter>
    </Image>
    <Image Include="Resources\Textures\Cocoa Pod Collection\Hills.png">
      <Filter>Resource Files</Filter>
    </Image>
    <Image Include="Resources\Textures\Cocoa Pod Collection\OrangePod.png">
      <Filter>Resource Files</Filter>
    </Image>
    <Image Include="Resources\Textures\Cocoa Pod Collection\Payslip.png">
      <Filter>Resource Files</Filter>
    </Image>
    <Image Include="Resources\Textures\Cocoa Pod Collection\PurplePod.png">
      <Filter>Resource Files</Filter>
    </Image>
    <Image Include="Resources\Textures\Cocoa Pod Collection\Sky.png">
      <Filter>Resource Files</Filter>
    </Image>
    <Image Include="Resources\Textures\Cocoa Pod Collection\Sky1.png">
      <Filter>Resource Files</Filter>
    </Image>
    <Image Include="Resources\Textures\Cocoa Pod Collection\Soil.png">
      <Filter>Resource Files</Filter>
    </Image>
    <Image Include="Resources\Textures\Cocoa Pod Collection\TopSoil.png">
      <Filter>Resource Files</Filter>
    </Image>
    <Image Include="Resources\Textures\Cocoa Pod Collection\Tree.png">
      <Filter>Resource Files</Filter>
    </Image>
    <Image Include="Resources\Textures\Cocoa Pod Collection\Tree2.png">
      <Filter>Resource Files</Filter>
    </Image>
    <Image Include="Resources\Textures\Screens\About.png">
      <Filter>Resource Files</Filter>
    </Image>
    <Image Include="Resources\Textures\Screens\Instructions.png">
      <Filter>Resource Files</Filter>
    </Image>
    <Image Include="Resources\Textures\Screens\SplashScreen.png">
      <Filter>Resource Files</Filter>
    </Image>
    <Image Include="Resources\Textures\Village\Background\Background.png">
      <Filter>Resource Files</Filter>
    </Image>
    <Image Include="Resources\Textures\Village\Background\BoundaryLine.png">
      <Filter>Resource Files</Filter>
    </Image>
    <Image Include="Resources\Textures\Worker\Idle\Idle.png">
      <Filter>Resource Files</Filter>
    </Image>
    <Image Include="Resources\Textures\Worker\IdleNoMachete\IdleNoMachete.png">
      <Filter>Resource Files</Filter>
    </Image>
    <Image Include="Resources\Textures\UI\Settings\AudioMuted.png">
      <Filter>Resource Files</Filter>
    </Image>
    <Image Include="Resources\Textures\UI\Settings\AudioPlaying.png">
      <Filter>Resource Files</Filter>
    </Image>
    <Image Include="Resources\Textures\UI\Settings\Play.png">
      <Filter>Resource Files</Filter>
    </Image>
    <Image Include="Resources\Textures\UI\Settings\Pause.png">
      <Filter>Resource Files</Filter>
    </Image>
    <Image Include="Resources\Textures\UI\StatIcons\Health.png">
      <Filter>Resource Files</Filter>
    </Image>
    <Image Include="Resources\Textures\UI\Utility\Bar.png">
      <Filter>Resource Files</Filter>
    </Image>
    <Image Include="Resources\Textures\UI\Utility\Cross.png">
      <Filter>Resource Files</Filter>
    </Image>
    <Image Include="Resources\Textures\UI\Utility\Menu.png">
      <Filter>Resource Files</Filter>
    </Image>
    <Image Include="Resources\Textures\UI\Utility\Donate.png">
      <Filter>Resource Files</Filter>
    </Image>
    <Image Include="Resources\Textures\Icons\IOSIcon.png">
      <Filter>Resource Files</Filter>
    </Image>
    <Image Include="Resources\Textures\Icons\Icon.png">
      <Filter>Resource Files</Filter>
    </Image>
    <Image Include="Resources\Textures\Icons\DesktopIcon.png">
      <Filter>Resource Files</Filter>
    </Image>
    <Image Include="Resources\Textures\UI\StatIcons\Happiness.png">
      <Filter>Resource Files</Filter>
    </Image>
    <Image Include="Resources\Textures\UI\Utility\Outline.png">
      <Filter>Resource Files</Filter>
    </Image>
    <Image Include="Resources\Textures\UI\StatIcons\Safety.png">
      <Filter>Resource Files</Filter>
    </Image>
    <Image Include="Resources\Textures\UI\Utility\TextBox.png">
      <Filter>Resource Files</Filter>
    </Image>
    <Image Include="Resources\Textures\Village\Background\MaliText.png">
      <Filter>Resource Files</Filter>
    </Image>
    <Image Include="Resources\Textures\Village\Background\TheIvoryCoastText.png">
      <Filter>Resource Files</Filter>
    </Image>
    <Image Include="Resources\Textures\Worker\WalkingNoMachete\WalkingNoMachete1.png">
      <Filter>Resource Files</Filter>
    </Image>
    <Image Include="Resources\Textures\Worker\WalkingNoMachete\WalkingNoMachete2.png">
      <Filter>Resource Files</Filter>
    </Image>
    <Image Include="Resources\Textures\Worker\WalkingNoMachete\WalkingNoMachete3.png">
      <Filter>Resource Files</Filter>
    </Image>
    <Image Include="Resources\Textures\Worker\WalkingNoMachete\WalkingNoMachete4.png">
      <Filter>Resource Files</Filter>
    </Image>
    <Image Include="Resources\Textures\Worker\Walking\Walk1.png">
      <Filter>Resource Files</Filter>
    </Image>
    <Image Include="Resources\Textures\Worker\Walking\Walk2.png">
      <Filter>Resource Files</Filter>
    </Image>
    <Image Include="Resources\Textures\Worker\Walking\Walk3.png">
      <Filter>Resource Files</Filter>
    </Image>
    <Image Include="Resources\Textures\Worker\Walking\Walk4.png">
      <Filter>Resource Files</Filter>
    </Image>
    <Image Include="Resources\Textures\Worker\Chop\Chop1.png">
      <Filter>Resource Files</Filter>
    </Image>
    <Image Include="Resources\Textures\Worker\Chop\Chop2.png">
      <Filter>Resource Files</Filter>
    </Image>
    <Image Include="Resources\Textures\Worker\Chop\Chop3.png">
      <Filter>Resource Files</Filter>
    </Image>
    <Image Include="Resources\Textures\Worker\Chop\ChopAnimation.png">
      <Filter>Resource Files</Filter>
    </Image>
    <Image Include="Resources\Textures\Worker\Walking\WalkAnimation.png">
      <Filter>Resource Files</Filter>
    </Image>
    <Image Include="Resources\Textures\UI\Utility\WhitePixel.png">
      <Filter>Resource Files</Filter>
    </Image>
    <Image Include="Resources\Textures\Screens\SplashScreenSmall.png">
      <Filter>Resource Files</Filter>
    </Image>
    <Image Include="Resources\Textures\UI\ButtonClicked.png">
      <Filter>Resource Files</Filter>
    </Image>
    <Image Include="Resources\Textures\UI\ButtonDefault.png">
      <Filter>Resource Files</Filter>
    </Image>
    <Image Include="Resources\Textures\UI\ButtonHighlighted.png">
      <Filter>Resource Files</Filter>
    </Image>
    <Image Include="Resources\Textures\UI\Utility\ProgressBar.png">
      <Filter>Resource Files</Filter>
    </Image>
    <Image Include="Resources\Textures\Worker\WalkingNoMachete\WalkingNoMacheteAnimation.png">
      <Filter>Resource Files</Filter>
    </Image>
    <Image Include="Resources\Textures\UI\StatIcons\Education.png">
      <Filter>Resource Files</Filter>
    </Image>
    <Image Include="Resources\Textures\UI\Utility\Money.png">
      <Filter>Resource Files</Filter>
    </Image>
    <Image Include="Resources\Textures\UI\Utility\DonateButton.png">
      <Filter>Resource Files</Filter>
    </Image>
    <Image Include="Resources\Textures\Icons\Events\WelcomeToZegoua.png">
      <Filter>Resource Files</Filter>
    </Image>
    <Image Include="Resources\Textures\Icons\Events\PayBillsIcon.png">
      <Filter>Resource Files</Filter>
    </Image>
    <Image Include="Resources\Textures\Icons\Events\SalaryDecreaseIcon.png">
      <Filter>Resource Files</Filter>
    </Image>
    <Image Include="Resources\Textures\Icons\Events\SalaryIncreaseIcon.png">
      <Filter>Resource Files</Filter>
    </Image>
    <Image Include="Resources\Textures\UI\LocationIcons\Blank.png">
      <Filter>Resource Files</Filter>
    </Image>
    <Image Include="Resources\Textures\UI\LocationIcons\Farm.png">
      <Filter>Resource Files</Filter>
    </Image>
    <Image Include="Resources\Textures\UI\LocationIcons\Home.png">
      <Filter>Resource Files</Filter>
    </Image>
    <Image Include="Resources\Textures\UI\LocationIcons\Hospital.png">
      <Filter>Resource Files</Filter>
    </Image>
    <Image Include="Resources\Textures\UI\LocationIcons\Market.png">
      <Filter>Resource Files</Filter>
    </Image>
    <Image Include="Resources\Textures\UI\LocationIcons\Mosque.png">
      <Filter>Resource Files</Filter>
    </Image>
    <Image Include="Resources\Textures\UI\LocationIcons\School.png">
      <Filter>Resource Files</Filter>
    </Image>
    <Image Include="Resources\Textures\UI\LocationIcons\Well.png">
      <Filter>Resource Files</Filter>
    </Image>
    <Image Include="Resources\Textures\Village\Locations\Decals\BareCocoaTree.png">
      <Filter>Resource Files</Filter>
    </Image>
    <Image Include="Resources\Textures\Village\Locations\Decals\Bench.png">
      <Filter>Resource Files</Filter>
    </Image>
    <Image Include="Resources\Textures\Village\Locations\Decals\ChairFront.png">
      <Filter>Resource Files</Filter>
    </Image>
    <Image Include="Resources\Textures\Village\Locations\Decals\ChairSide.png">
      <Filter>Resource Files</Filter>
    </Image>
    <Image Include="Resources\Textures\Village\Locations\Decals\CocoaBag.png">
      <Filter>Resource Files</Filter>
    </Image>
    <Image Include="Resources\Textures\Village\Locations\Decals\CocoaBagMultiple.png">
      <Filter>Resource Files</Filter>
    </Image>
    <Image Include="Resources\Textures\Village\Locations\Decals\CocoaTree.png">
      <Filter>Resource Files</Filter>
    </Image>
    <Image Include="Resources\Textures\Village\Locations\Decals\Farm.png">
      <Filter>Resource Files</Filter>
    </Image>
    <Image Include="Resources\Textures\Village\Locations\Decals\Grave1.png">
      <Filter>Resource Files</Filter>
    </Image>
    <Image Include="Resources\Textures\Village\Locations\Decals\Grave2.png">
      <Filter>Resource Files</Filter>
    </Image>
    <Image Include="Resources\Textures\Village\Locations\Decals\GraveDestroyed.png">
      <Filter>Resource Files</Filter>
    </Image>
    <Image Include="Resources\Textures\Village\Locations\Decals\House1.png">
      <Filter>Resource Files</Filter>
    </Image>
    <Image Include="Resources\Textures\Village\Locations\Decals\House2.png">
      <Filter>Resource Files</Filter>
    </Image>
    <Image Include="Resources\Textures\Village\Locations\Decals\House3.png">
      <Filter>Resource Files</Filter>
    </Image>
    <Image Include="Resources\Textures\Village\Locations\Decals\House4.png">
      <Filter>Resource Files</Filter>
    </Image>
    <Image Include="Resources\Textures\Village\Locations\Decals\Playground.png">
      <Filter>Resource Files</Filter>
    </Image>
    <Image Include="Resources\Textures\Village\Locations\Decals\Pylon.png">
      <Filter>Resource Files</Filter>
    </Image>
    <Image Include="Resources\Textures\Village\Locations\Decals\SacksOfFood.png">
      <Filter>Resource Files</Filter>
    </Image>
    <Image Include="Resources\Textures\Village\Locations\Decals\Sign.png">
      <Filter>Resource Files</Filter>
    </Image>
    <Image Include="Resources\Textures\Village\Locations\Decals\Toilet.png">
      <Filter>Resource Files</Filter>
    </Image>
    <Image Include="Resources\Textures\Village\Locations\Interactable\Home.png">
      <Filter>Resource Files</Filter>
    </Image>
    <Image Include="Resources\Textures\Village\Locations\Interactable\Hospital.png">
      <Filter>Resource Files</Filter>
    </Image>
    <Image Include="Resources\Textures\Village\Locations\Interactable\MarketFoodStalls.png">
      <Filter>Resource Files</Filter>
    </Image>
    <Image Include="Resources\Textures\Village\Locations\Interactable\MarketFoodStalls2.png">
      <Filter>Resource Files</Filter>
    </Image>
    <Image Include="Resources\Textures\Village\Locations\Interactable\MarketStall.png">
      <Filter>Resource Files</Filter>
    </Image>
    <Image Include="Resources\Textures\Village\Locations\Interactable\MarketStallMultiple.png">
      <Filter>Resource Files</Filter>
    </Image>
    <Image Include="Resources\Textures\Village\Locations\Interactable\Mosque.png">
      <Filter>Resource Files</Filter>
    </Image>
    <Image Include="Resources\Textures\Village\Locations\Interactable\School.png">
      <Filter>Resource Files</Filter>
    </Image>
    <Image Include="Resources\Textures\Village\Locations\Interactable\Well.png">
      <Filter>Resource Files</Filter>
    </Image>
  </ItemGroup>
  <ItemGroup>
    <Media Include="Resources\Videos\IntroMovie.mp4" />
    <Media Include="Resources\Audio\Music\KalimbaBreeze.mp3" />
    <Media Include="Resources\Audio\SFX\Birth.wav">
      <Filter>Resource Files</Filter>
    </Media>
    <Media Include="Resources\Audio\SFX\ChildTrafficked.wav">
      <Filter>Resource Files</Filter>
    </Media>
    <Media Include="Resources\Audio\SFX\Click.wav">
      <Filter>Resource Files</Filter>
    </Media>
    <Media Include="Resources\Audio\SFX\Death.wav">
      <Filter>Resource Files</Filter>
    </Media>
    <Media Include="Resources\Audio\SFX\Donate.wav">
      <Filter>Resource Files</Filter>
    </Media>
    <Media Include="Resources\Audio\SFX\Home.wav">
      <Filter>Resource Files</Filter>
    </Media>
    <Media Include="Resources\Audio\SFX\Hospital.wav">
      <Filter>Resource Files</Filter>
    </Media>
    <Media Include="Resources\Audio\SFX\Market.wav">
      <Filter>Resource Files</Filter>
    </Media>
    <Media Include="Resources\Audio\SFX\Money.wav">
      <Filter>Resource Files</Filter>
    </Media>
    <Media Include="Resources\Audio\SFX\Mosque.wav">
      <Filter>Resource Files</Filter>
    </Media>
    <Media Include="Resources\Audio\SFX\School.wav">
      <Filter>Resource Files</Filter>
    </Media>
    <Media Include="Resources\Audio\SFX\Well.wav">
      <Filter>Resource Files</Filter>
    </Media>
    <Media Include="Resources\Audio\SFX\Work.wav">
      <Filter>Resource Files</Filter>
    </Media>
    <Media Include="Resources\Audio\SFX\ButtonClicked.wav">
      <Filter>Resource Files</Filter>
    </Media>
    <Media Include="Resources\Audio\SFX\ButtonHover.wav">
      <Filter>Resource Files</Filter>
    </Media>
  </ItemGroup>
  <ItemGroup>
    <Font Include="Resources\Fonts\Calculator.ttf" />
    <Font Include="Resources\Fonts\PressStart2P.ttf" />
    <Font Include="Resources\Fonts\RosesareFF0000.ttf" />
    <Font Include="Resources\Fonts\Arial.ttf" />
  </ItemGroup>
  <ItemGroup>
    <ClCompile Include="Source\Main.cpp">
      <Filter>Source Files</Filter>
    </ClCompile>
  </ItemGroup>
  <ItemGroup>
    <Xml Include="Resources\Prefabs\UI\Events\GameEventDialog.prefab" />
    <Xml Include="Resources\Data\Events\Effects\Money\BaseBillsAmount.asset" />
    <Xml Include="Resources\Data\Events\Effects\Salary\IncrementSalaryLevel.asset" />
    <Xml Include="Resources\Data\Events\Conditions\Time\Day0.asset" />
    <Xml Include="Resources\Data\Events\Conditions\Time\Year0.asset" />
    <Xml Include="Resources\Data\Modifiers\Events\Money\ChildDependentBillsModifier.asset" />
    <Xml Include="Resources\Data\Events\Effects\Money\ChildDependentBillsAmount.asset" />
    <Xml Include="Resources\Data\Events\UNPeaceKeepersArrive.asset" />
    <Xml Include="Resources\Data\Gameplay\GameplayDataStore.xml" />
  </ItemGroup>
</Project>