<?xml version="1.0" encoding="utf-8"?>
<Project ToolsVersion="4.0" xmlns="http://schemas.microsoft.com/developer/msbuild/2003">
  <ItemGroup>
    <Filter Include="Source Files">
      <UniqueIdentifier>{4FC737F1-C7A5-4376-A066-2A32D752A2FF}</UniqueIdentifier>
      <Extensions>cpp;c;cc;cxx;def;odl;idl;hpj;bat;asm;asmx</Extensions>
    </Filter>
    <Filter Include="Header Files">
      <UniqueIdentifier>{93995380-89BD-4b04-88EB-625FBE52EBFB}</UniqueIdentifier>
      <Extensions>h;hh;hpp;hxx;hm;inl;inc;ipp;xsd</Extensions>
    </Filter>
    <Filter Include="Resource Files">
      <UniqueIdentifier>{67DA6AB6-F800-4c08-8B7A-83BB121AAD01}</UniqueIdentifier>
      <Extensions>rc;ico;cur;bmp;dlg;rc2;rct;bin;rgs;gif;jpg;jpeg;jpe;resx;tiff;tif;png;wav;mfcribbon-ms</Extensions>
    </Filter>
  </ItemGroup>
  <ItemGroup>
    <None Include="Resources\Scripts\Game.lua" />
    <None Include="Resources\Data\Settings\WindowSettings.asset" />
    <None Include="Build Events\CopyDependencyFiles.bat">
      <Filter>Source Files</Filter>
    </None>
    <None Include="Resources\Prefabs\Debugging\FPSCounter.prefab" />
    <None Include="Resources\Videos\IntroMovie.mpeg" />
    <None Include="Resources\Prefabs\Debugging\GameplayDebugging.prefab" />
    <None Include="Resources\Scripts\Gameplay\ShowIntroVideo.lua" />
    <None Include="Resources\Scripts\Gameplay\StartGameplay.lua" />
    <None Include="Resources\Prefabs\Gameplay\Buildings\Interactable\Home.prefab" />
    <None Include="Resources\Prefabs\Gameplay\Buildings\Interactable\School.prefab" />
    <None Include="Resources\Prefabs\Gameplay\Buildings\Interactable\Mosque.prefab" />
    <None Include="Resources\Prefabs\Gameplay\Buildings\Interactable\Hospital.prefab" />
    <None Include="Resources\Prefabs\Gameplay\Buildings\Interactable\Well.prefab" />
    <None Include="Resources\Prefabs\Gameplay\Buildings\Interactable\Market.prefab" />
    <None Include="Resources\Scripts\Utility\RefreshResources.lua" />
    <None Include="Resources\Data\Screens\DebugTools.screen" />
    <None Include="Resources\Data\Screens\Gameplay.screen" />
    <None Include="Resources\Data\Screens\MainMenu.screen" />
    <None Include="Resources\Data\Screens\Options.screen" />
    <None Include="Resources\Data\Screens\Splash.screen" />
    <None Include="Resources\Prefabs\UI\EventPopup.prefab" />
    <None Include="Resources\Prefabs\UI\InteractableBuildingDialog.prefab" />
    <None Include="Resources\Data\Buildings\School.asset" />
    <None Include="Resources\Scripts\UI\InteractableBuildingDialog.lua" />
    <None Include="Resources\Scripts\UI\InteractableBuildingsManager.lua" />
    <None Include="Resources\Data\Buildings\Home.asset" />
    <None Include="Resources\Data\Buildings\Hospital.asset" />
    <None Include="Resources\Data\Buildings\Market.asset" />
    <None Include="Resources\Data\Buildings\Mosque.asset" />
    <None Include="Resources\Data\Buildings\Well.asset" />
    <None Include="Resources\Data\Screens\Loading.screen" />
    <None Include="Resources\Data\Modifiers\Home\HomeEducationModifier.asset" />
    <None Include="Resources\Data\Modifiers\Home\HomeHappinessModifier.asset" />
    <None Include="Resources\Data\Modifiers\Home\HomeHealthModifier.asset" />
    <None Include="Resources\Data\Modifiers\Home\HomeMoneyModifier.asset" />
    <None Include="Resources\Data\Modifiers\Home\HomeSafetyModifier.asset" />
    <None Include="Resources\Data\Modifiers\Hospital\HospitalEducationModifier.asset" />
    <None Include="Resources\Data\Modifiers\Hospital\HospitalHappinessModifier.asset" />
    <None Include="Resources\Data\Modifiers\Hospital\HospitalHealthModifier.asset" />
    <None Include="Resources\Data\Modifiers\Hospital\HospitalMoneyModifier.asset" />
    <None Include="Resources\Data\Modifiers\Hospital\HospitalSafetyModifier.asset" />
    <None Include="Resources\Data\Modifiers\Market\MarketEducationModifier.asset" />
    <None Include="Resources\Data\Modifiers\Market\MarketHappinessModifier.asset" />
    <None Include="Resources\Data\Modifiers\Market\MarketHealthModifier.asset" />
    <None Include="Resources\Data\Modifiers\Market\MarketMoneyModifier.asset" />
    <None Include="Resources\Data\Modifiers\Market\MarketSafetyModifier.asset" />
    <None Include="Resources\Data\Modifiers\Mosque\MosqueEducationModifier.asset" />
    <None Include="Resources\Data\Modifiers\Mosque\MosqueHappinessModifier.asset" />
    <None Include="Resources\Data\Modifiers\Mosque\MosqueHealthModifier.asset" />
    <None Include="Resources\Data\Modifiers\Mosque\MosqueMoneyModifier.asset" />
    <None Include="Resources\Data\Modifiers\Mosque\MosqueSafetyModifier.asset" />
    <None Include="Resources\Data\Modifiers\School\SchoolEducationModifier.asset" />
    <None Include="Resources\Data\Modifiers\School\SchoolHappinessModifier.asset" />
    <None Include="Resources\Data\Modifiers\School\SchoolHealthModifier.asset" />
    <None Include="Resources\Data\Modifiers\School\SchoolMoneyModifier.asset" />
    <None Include="Resources\Data\Modifiers\School\SchoolSafetyModifier.asset" />
    <None Include="Resources\Data\Modifiers\Well\WellEducationModifier.asset" />
    <None Include="Resources\Data\Modifiers\Well\WellHappinessModifier.asset" />
    <None Include="Resources\Data\Modifiers\Well\WellHealthModifier.asset" />
    <None Include="Resources\Data\Modifiers\Well\WellMoneyModifier.asset" />
    <None Include="Resources\Data\Modifiers\Well\WellSafetyModifier.asset" />
  </ItemGroup>
  <ItemGroup>
    <Image Include="Resources\Textures\Cocoa Pod Collection\Childworker.png">
      <Filter>Resource Files</Filter>
    </Image>
    <Image Include="Resources\Textures\Cocoa Pod Collection\Clouds.png">
      <Filter>Resource Files</Filter>
    </Image>
    <Image Include="Resources\Textures\Cocoa Pod Collection\Farmer.png">
      <Filter>Resource Files</Filter>
    </Image>
    <Image Include="Resources\Textures\Cocoa Pod Collection\Ground.png">
      <Filter>Resource Files</Filter>
    </Image>
    <Image Include="Resources\Textures\Cocoa Pod Collection\Hills.png">
      <Filter>Resource Files</Filter>
    </Image>
    <Image Include="Resources\Textures\Cocoa Pod Collection\OrangePod.png">
      <Filter>Resource Files</Filter>
    </Image>
    <Image Include="Resources\Textures\Cocoa Pod Collection\Payslip.png">
      <Filter>Resource Files</Filter>
    </Image>
    <Image Include="Resources\Textures\Cocoa Pod Collection\PurplePod.png">
      <Filter>Resource Files</Filter>
    </Image>
    <Image Include="Resources\Textures\Cocoa Pod Collection\Sky.png">
      <Filter>Resource Files</Filter>
    </Image>
    <Image Include="Resources\Textures\Cocoa Pod Collection\Sky1.png">
      <Filter>Resource Files</Filter>
    </Image>
    <Image Include="Resources\Textures\Cocoa Pod Collection\Soil.png">
      <Filter>Resource Files</Filter>
    </Image>
    <Image Include="Resources\Textures\Cocoa Pod Collection\TopSoil.png">
      <Filter>Resource Files</Filter>
    </Image>
    <Image Include="Resources\Textures\Cocoa Pod Collection\Tree.png">
      <Filter>Resource Files</Filter>
    </Image>
    <Image Include="Resources\Textures\Cocoa Pod Collection\Tree2.png">
      <Filter>Resource Files</Filter>
    </Image>
    <Image Include="Resources\Textures\Screens\About.png">
      <Filter>Resource Files</Filter>
    </Image>
    <Image Include="Resources\Textures\Screens\Instructions.png">
      <Filter>Resource Files</Filter>
    </Image>
    <Image Include="Resources\Textures\Screens\SplashScreen.png">
      <Filter>Resource Files</Filter>
    </Image>
    <Image Include="Resources\Textures\Village\Background\Background.png">
      <Filter>Resource Files</Filter>
    </Image>
    <Image Include="Resources\Textures\Village\Background\BoundaryLine.png">
      <Filter>Resource Files</Filter>
    </Image>
    <Image Include="Resources\Textures\Worker\Idle\Idle.png">
      <Filter>Resource Files</Filter>
    </Image>
    <Image Include="Resources\Textures\Worker\IdleNoMachete\IdleNoMachete.png">
      <Filter>Resource Files</Filter>
    </Image>
    <Image Include="Resources\Textures\UI\Settings\AudioMuted.png">
      <Filter>Resource Files</Filter>
    </Image>
    <Image Include="Resources\Textures\UI\Settings\AudioPlaying.png">
      <Filter>Resource Files</Filter>
    </Image>
    <Image Include="Resources\Textures\UI\Settings\Play.png">
      <Filter>Resource Files</Filter>
    </Image>
    <Image Include="Resources\Textures\UI\Settings\Pause.png">
      <Filter>Resource Files</Filter>
    </Image>
    <Image Include="Resources\Textures\UI\StatIcons\Book.png">
      <Filter>Resource Files</Filter>
    </Image>
    <Image Include="Resources\Textures\UI\BuildingIcons\Blank.png">
      <Filter>Resource Files</Filter>
    </Image>
    <Image Include="Resources\Textures\UI\BuildingIcons\Farm.png">
      <Filter>Resource Files</Filter>
    </Image>
    <Image Include="Resources\Textures\UI\BuildingIcons\Home.png">
      <Filter>Resource Files</Filter>
    </Image>
    <Image Include="Resources\Textures\UI\BuildingIcons\Hospital.png">
      <Filter>Resource Files</Filter>
    </Image>
    <Image Include="Resources\Textures\UI\BuildingIcons\Market.png">
      <Filter>Resource Files</Filter>
    </Image>
    <Image Include="Resources\Textures\UI\BuildingIcons\Mosque.png">
      <Filter>Resource Files</Filter>
    </Image>
    <Image Include="Resources\Textures\UI\BuildingIcons\School.png">
      <Filter>Resource Files</Filter>
    </Image>
    <Image Include="Resources\Textures\UI\BuildingIcons\Well.png">
      <Filter>Resource Files</Filter>
    </Image>
    <Image Include="Resources\Textures\UI\StatIcons\Health.png">
      <Filter>Resource Files</Filter>
    </Image>
    <Image Include="Resources\Textures\UI\Utility\Bar.png">
      <Filter>Resource Files</Filter>
    </Image>
    <Image Include="Resources\Textures\UI\Utility\Cross.png">
      <Filter>Resource Files</Filter>
    </Image>
    <Image Include="Resources\Textures\UI\Utility\Menu.png">
      <Filter>Resource Files</Filter>
    </Image>
    <Image Include="Resources\Textures\UI\Utility\Donate.png">
      <Filter>Resource Files</Filter>
    </Image>
    <Image Include="Resources\Textures\Icons\IOSIcon.png">
      <Filter>Resource Files</Filter>
    </Image>
    <Image Include="Resources\Textures\Icons\Icon.png">
      <Filter>Resource Files</Filter>
    </Image>
    <Image Include="Resources\Textures\Icons\DesktopIcon.png">
      <Filter>Resource Files</Filter>
    </Image>
    <Image Include="Resources\Textures\UI\StatIcons\Happiness.png">
      <Filter>Resource Files</Filter>
    </Image>
    <Image Include="Resources\Textures\UI\Utility\Outline.png">
      <Filter>Resource Files</Filter>
    </Image>
    <Image Include="Resources\Textures\UI\StatIcons\Safety.png">
      <Filter>Resource Files</Filter>
    </Image>
    <Image Include="Resources\Textures\UI\Utility\TextBox.png">
      <Filter>Resource Files</Filter>
    </Image>
    <Image Include="Resources\Textures\Village\Background\MaliText.png">
      <Filter>Resource Files</Filter>
    </Image>
    <Image Include="Resources\Textures\Village\Background\TheIvoryCoastText.png">
      <Filter>Resource Files</Filter>
    </Image>
    <Image Include="Resources\Textures\Worker\WalkingNoMachete\WalkingNoMachete1.png">
      <Filter>Resource Files</Filter>
    </Image>
    <Image Include="Resources\Textures\Worker\WalkingNoMachete\WalkingNoMachete2.png">
      <Filter>Resource Files</Filter>
    </Image>
    <Image Include="Resources\Textures\Worker\WalkingNoMachete\WalkingNoMachete3.png">
      <Filter>Resource Files</Filter>
    </Image>
    <Image Include="Resources\Textures\Worker\WalkingNoMachete\WalkingNoMachete4.png">
      <Filter>Resource Files</Filter>
    </Image>
    <Image Include="Resources\Textures\Worker\Walking\Walk1.png">
      <Filter>Resource Files</Filter>
    </Image>
    <Image Include="Resources\Textures\Worker\Walking\Walk2.png">
      <Filter>Resource Files</Filter>
    </Image>
    <Image Include="Resources\Textures\Worker\Walking\Walk3.png">
      <Filter>Resource Files</Filter>
    </Image>
    <Image Include="Resources\Textures\Worker\Walking\Walk4.png">
      <Filter>Resource Files</Filter>
    </Image>
    <Image Include="Resources\Textures\Worker\Chop\Chop1.png">
      <Filter>Resource Files</Filter>
    </Image>
    <Image Include="Resources\Textures\Worker\Chop\Chop2.png">
      <Filter>Resource Files</Filter>
    </Image>
    <Image Include="Resources\Textures\Worker\Chop\Chop3.png">
      <Filter>Resource Files</Filter>
    </Image>
    <Image Include="Resources\Textures\Worker\Chop\ChopAnimation.png">
      <Filter>Resource Files</Filter>
    </Image>
    <Image Include="Resources\Textures\Worker\Walking\WalkAnimation.png">
      <Filter>Resource Files</Filter>
    </Image>
    <Image Include="Resources\Textures\UI\Utility\WhitePixel.png">
      <Filter>Resource Files</Filter>
    </Image>
    <Image Include="Resources\Textures\Screens\SplashScreenSmall.png">
      <Filter>Resource Files</Filter>
    </Image>
    <Image Include="Resources\Textures\UI\ButtonClicked.png">
      <Filter>Resource Files</Filter>
    </Image>
    <Image Include="Resources\Textures\UI\ButtonDefault.png">
      <Filter>Resource Files</Filter>
    </Image>
    <Image Include="Resources\Textures\UI\ButtonHighlighted.png">
      <Filter>Resource Files</Filter>
    </Image>
    <Image Include="Resources\Textures\UI\Utility\ProgressBar.png">
      <Filter>Resource Files</Filter>
    </Image>
    <Image Include="Resources\Textures\Village\Buildings\Interactable\Home.png">
      <Filter>Resource Files</Filter>
    </Image>
    <Image Include="Resources\Textures\Village\Buildings\Interactable\School.png">
      <Filter>Resource Files</Filter>
    </Image>
    <Image Include="Resources\Textures\Village\Buildings\Interactable\Well.png">
      <Filter>Resource Files</Filter>
    </Image>
    <Image Include="Resources\Textures\Village\Buildings\Interactable\Mosque.png">
      <Filter>Resource Files</Filter>
    </Image>
    <Image Include="Resources\Textures\Village\Buildings\Interactable\MarketFoodStalls.png">
      <Filter>Resource Files</Filter>
    </Image>
    <Image Include="Resources\Textures\Village\Buildings\Interactable\MarketFoodStalls2.png">
      <Filter>Resource Files</Filter>
    </Image>
    <Image Include="Resources\Textures\Village\Buildings\Interactable\MarketStall.png">
      <Filter>Resource Files</Filter>
    </Image>
    <Image Include="Resources\Textures\Village\Buildings\Interactable\MarketStallMultiple.png">
      <Filter>Resource Files</Filter>
    </Image>
    <Image Include="Resources\Textures\Village\Buildings\Interactable\Hospital.png">
      <Filter>Resource Files</Filter>
    </Image>
    <Image Include="Resources\Textures\Village\Buildings\Decals\BareCocoaTree.png">
      <Filter>Resource Files</Filter>
    </Image>
    <Image Include="Resources\Textures\Village\Buildings\Decals\Bench.png">
      <Filter>Resource Files</Filter>
    </Image>
    <Image Include="Resources\Textures\Village\Buildings\Decals\ChairFront.png">
      <Filter>Resource Files</Filter>
    </Image>
    <Image Include="Resources\Textures\Village\Buildings\Decals\ChairSide.png">
      <Filter>Resource Files</Filter>
    </Image>
    <Image Include="Resources\Textures\Village\Buildings\Decals\CocoaBag.png">
      <Filter>Resource Files</Filter>
    </Image>
    <Image Include="Resources\Textures\Village\Buildings\Decals\CocoaBagMultiple.png">
      <Filter>Resource Files</Filter>
    </Image>
    <Image Include="Resources\Textures\Village\Buildings\Decals\CocoaTree.png">
      <Filter>Resource Files</Filter>
    </Image>
    <Image Include="Resources\Textures\Village\Buildings\Decals\Farm.png">
      <Filter>Resource Files</Filter>
    </Image>
    <Image Include="Resources\Textures\Village\Buildings\Decals\Grave1.png">
      <Filter>Resource Files</Filter>
    </Image>
    <Image Include="Resources\Textures\Village\Buildings\Decals\Grave2.png">
      <Filter>Resource Files</Filter>
    </Image>
    <Image Include="Resources\Textures\Village\Buildings\Decals\GraveDestroyed.png">
      <Filter>Resource Files</Filter>
    </Image>
    <Image Include="Resources\Textures\Village\Buildings\Decals\House1.png">
      <Filter>Resource Files</Filter>
    </Image>
    <Image Include="Resources\Textures\Village\Buildings\Decals\House2.png">
      <Filter>Resource Files</Filter>
    </Image>
    <Image Include="Resources\Textures\Village\Buildings\Decals\House3.png">
      <Filter>Resource Files</Filter>
    </Image>
    <Image Include="Resources\Textures\Village\Buildings\Decals\House4.png">
      <Filter>Resource Files</Filter>
    </Image>
    <Image Include="Resources\Textures\Village\Buildings\Decals\Playground.png">
      <Filter>Resource Files</Filter>
    </Image>
    <Image Include="Resources\Textures\Village\Buildings\Decals\Pylon.png">
      <Filter>Resource Files</Filter>
    </Image>
    <Image Include="Resources\Textures\Village\Buildings\Decals\SacksOfFood.png">
      <Filter>Resource Files</Filter>
    </Image>
    <Image Include="Resources\Textures\Village\Buildings\Decals\Sign.png">
      <Filter>Resource Files</Filter>
    </Image>
    <Image Include="Resources\Textures\Village\Buildings\Decals\Toilet.png">
      <Filter>Resource Files</Filter>
    </Image>
    <Image Include="Resources\Textures\Worker\WalkingNoMachete\WalkingNoMacheteAnimation.png">
      <Filter>Resource Files</Filter>
    </Image>
  </ItemGroup>
  <ItemGroup>
    <Media Include="Resources\Videos\IntroMovie.mp4" />
    <Media Include="Resources\Audio\Music\KalimbaBreeze.mp3" />
    <Media Include="Resources\Audio\SFX\Birth.wav">
      <Filter>Resource Files</Filter>
    </Media>
    <Media Include="Resources\Audio\SFX\ChildTrafficked.wav">
      <Filter>Resource Files</Filter>
    </Media>
    <Media Include="Resources\Audio\SFX\Click.wav">
      <Filter>Resource Files</Filter>
    </Media>
    <Media Include="Resources\Audio\SFX\Death.wav">
      <Filter>Resource Files</Filter>
    </Media>
    <Media Include="Resources\Audio\SFX\Donate.wav">
      <Filter>Resource Files</Filter>
    </Media>
    <Media Include="Resources\Audio\SFX\Home.wav">
      <Filter>Resource Files</Filter>
    </Media>
    <Media Include="Resources\Audio\SFX\Hospital.wav">
      <Filter>Resource Files</Filter>
    </Media>
    <Media Include="Resources\Audio\SFX\Market.wav">
      <Filter>Resource Files</Filter>
    </Media>
    <Media Include="Resources\Audio\SFX\Money.wav">
      <Filter>Resource Files</Filter>
    </Media>
    <Media Include="Resources\Audio\SFX\Mosque.wav">
      <Filter>Resource Files</Filter>
    </Media>
    <Media Include="Resources\Audio\SFX\School.wav">
      <Filter>Resource Files</Filter>
    </Media>
    <Media Include="Resources\Audio\SFX\Well.wav">
      <Filter>Resource Files</Filter>
    </Media>
    <Media Include="Resources\Audio\SFX\Work.wav">
      <Filter>Resource Files</Filter>
    </Media>
    <Media Include="Resources\Audio\SFX\ButtonClicked.wav">
      <Filter>Resource Files</Filter>
    </Media>
    <Media Include="Resources\Audio\SFX\ButtonHover.wav">
      <Filter>Resource Files</Filter>
    </Media>
  </ItemGroup>
  <ItemGroup>
    <Font Include="Resources\Fonts\Calculator.ttf" />
    <Font Include="Resources\Fonts\PressStart2P.ttf" />
    <Font Include="Resources\Fonts\RosesareFF0000.ttf" />
  </ItemGroup>
  <ItemGroup>
    <ClCompile Include="Source\Main.cpp">
      <Filter>Source Files</Filter>
    </ClCompile>
  </ItemGroup>
</Project>