<?xml version="1.0" encoding="utf-8"?>
<Project ToolsVersion="4.0" xmlns="http://schemas.microsoft.com/developer/msbuild/2003">
  <ItemGroup>
    <Filter Include="Source Files">
      <UniqueIdentifier>{4FC737F1-C7A5-4376-A066-2A32D752A2FF}</UniqueIdentifier>
      <Extensions>cpp;c;cc;cxx;def;odl;idl;hpj;bat;asm;asmx</Extensions>
    </Filter>
    <Filter Include="Header Files">
      <UniqueIdentifier>{93995380-89BD-4b04-88EB-625FBE52EBFB}</UniqueIdentifier>
      <Extensions>h;hh;hpp;hxx;hm;inl;inc;ipp;xsd</Extensions>
    </Filter>
    <Filter Include="Resource Files">
      <UniqueIdentifier>{67DA6AB6-F800-4c08-8B7A-83BB121AAD01}</UniqueIdentifier>
      <Extensions>rc;ico;cur;bmp;dlg;rc2;rct;bin;rgs;gif;jpg;jpeg;jpe;resx;tiff;tif;png;wav;mfcribbon-ms</Extensions>
    </Filter>
  </ItemGroup>
  <ItemGroup>
    <None Include="Build Events\CopyDependencyDLLs.bat">
      <Filter>Source Files</Filter>
    </None>
    <None Include="Resources\Scripts\Game.lua" />
    <None Include="Resources\Data\Settings\WindowSettings.asset" />
  </ItemGroup>
  <ItemGroup>
    <Image Include="Resources\Textures\Cocoa Pod Collection\Childworker.png">
      <Filter>Resource Files</Filter>
    </Image>
    <Image Include="Resources\Textures\Cocoa Pod Collection\Clouds.png">
      <Filter>Resource Files</Filter>
    </Image>
    <Image Include="Resources\Textures\Cocoa Pod Collection\Farmer.png">
      <Filter>Resource Files</Filter>
    </Image>
    <Image Include="Resources\Textures\Cocoa Pod Collection\Ground.png">
      <Filter>Resource Files</Filter>
    </Image>
    <Image Include="Resources\Textures\Cocoa Pod Collection\Hills.png">
      <Filter>Resource Files</Filter>
    </Image>
    <Image Include="Resources\Textures\Cocoa Pod Collection\OrangePod.png">
      <Filter>Resource Files</Filter>
    </Image>
    <Image Include="Resources\Textures\Cocoa Pod Collection\Payslip.png">
      <Filter>Resource Files</Filter>
    </Image>
    <Image Include="Resources\Textures\Cocoa Pod Collection\PurplePod.png">
      <Filter>Resource Files</Filter>
    </Image>
    <Image Include="Resources\Textures\Cocoa Pod Collection\Sky.png">
      <Filter>Resource Files</Filter>
    </Image>
    <Image Include="Resources\Textures\Cocoa Pod Collection\Sky1.png">
      <Filter>Resource Files</Filter>
    </Image>
    <Image Include="Resources\Textures\Cocoa Pod Collection\Soil.png">
      <Filter>Resource Files</Filter>
    </Image>
    <Image Include="Resources\Textures\Cocoa Pod Collection\TopSoil.png">
      <Filter>Resource Files</Filter>
    </Image>
    <Image Include="Resources\Textures\Cocoa Pod Collection\Tree.png">
      <Filter>Resource Files</Filter>
    </Image>
    <Image Include="Resources\Textures\Cocoa Pod Collection\Tree2.png">
      <Filter>Resource Files</Filter>
    </Image>
    <Image Include="Resources\Textures\Screens\About.png">
      <Filter>Resource Files</Filter>
    </Image>
    <Image Include="Resources\Textures\Screens\halfeatenbiscuitproductions.png">
      <Filter>Resource Files</Filter>
    </Image>
    <Image Include="Resources\Textures\Screens\Instructions.png">
      <Filter>Resource Files</Filter>
    </Image>
    <Image Include="Resources\Textures\Screens\SplashScreen.png">
      <Filter>Resource Files</Filter>
    </Image>
    <Image Include="Resources\Textures\UI\Symbols\BlankSymbol.png">
      <Filter>Resource Files</Filter>
    </Image>
    <Image Include="Resources\Textures\UI\Symbols\FarmSymbol.png">
      <Filter>Resource Files</Filter>
    </Image>
    <Image Include="Resources\Textures\UI\Symbols\HomeSymbol.png">
      <Filter>Resource Files</Filter>
    </Image>
    <Image Include="Resources\Textures\UI\Symbols\HospitalSymbol.png">
      <Filter>Resource Files</Filter>
    </Image>
    <Image Include="Resources\Textures\UI\Symbols\MarketSymbol.png">
      <Filter>Resource Files</Filter>
    </Image>
    <Image Include="Resources\Textures\UI\Symbols\MosqueSymbol.png">
      <Filter>Resource Files</Filter>
    </Image>
    <Image Include="Resources\Textures\UI\Symbols\SchoolSymbol.png">
      <Filter>Resource Files</Filter>
    </Image>
    <Image Include="Resources\Textures\UI\Symbols\WellSymbol.png">
      <Filter>Resource Files</Filter>
    </Image>
    <Image Include="Resources\Textures\Village\Background\Background.png">
      <Filter>Resource Files</Filter>
    </Image>
    <Image Include="Resources\Textures\Village\Background\BoundaryLine.png">
      <Filter>Resource Files</Filter>
    </Image>
    <Image Include="Resources\Textures\Village\Background\Mali.png">
      <Filter>Resource Files</Filter>
    </Image>
    <Image Include="Resources\Textures\Village\Background\Plant.png">
      <Filter>Resource Files</Filter>
    </Image>
    <Image Include="Resources\Textures\Village\Background\Rock1.png">
      <Filter>Resource Files</Filter>
    </Image>
    <Image Include="Resources\Textures\Village\Background\Rock2.png">
      <Filter>Resource Files</Filter>
    </Image>
    <Image Include="Resources\Textures\Village\Background\Rock3.png">
      <Filter>Resource Files</Filter>
    </Image>
    <Image Include="Resources\Textures\Village\Background\Sand.png">
      <Filter>Resource Files</Filter>
    </Image>
    <Image Include="Resources\Textures\Village\Background\TheIvoryCoast.png">
      <Filter>Resource Files</Filter>
    </Image>
    <Image Include="Resources\Textures\Village\Buildings\BareCocoaTree.png">
      <Filter>Resource Files</Filter>
    </Image>
    <Image Include="Resources\Textures\Village\Buildings\Bench.png">
      <Filter>Resource Files</Filter>
    </Image>
    <Image Include="Resources\Textures\Village\Buildings\ChairFront.png">
      <Filter>Resource Files</Filter>
    </Image>
    <Image Include="Resources\Textures\Village\Buildings\ChairSide.png">
      <Filter>Resource Files</Filter>
    </Image>
    <Image Include="Resources\Textures\Village\Buildings\CocoaBag.png">
      <Filter>Resource Files</Filter>
    </Image>
    <Image Include="Resources\Textures\Village\Buildings\CocoaBagMultiple.png">
      <Filter>Resource Files</Filter>
    </Image>
    <Image Include="Resources\Textures\Village\Buildings\CocoaTree.png">
      <Filter>Resource Files</Filter>
    </Image>
    <Image Include="Resources\Textures\Village\Buildings\Farm.png">
      <Filter>Resource Files</Filter>
    </Image>
    <Image Include="Resources\Textures\Village\Buildings\Grave1.png">
      <Filter>Resource Files</Filter>
    </Image>
    <Image Include="Resources\Textures\Village\Buildings\Grave2.png">
      <Filter>Resource Files</Filter>
    </Image>
    <Image Include="Resources\Textures\Village\Buildings\GraveDestroyed.png">
      <Filter>Resource Files</Filter>
    </Image>
    <Image Include="Resources\Textures\Village\Buildings\Home.png">
      <Filter>Resource Files</Filter>
    </Image>
    <Image Include="Resources\Textures\Village\Buildings\Hospital.png">
      <Filter>Resource Files</Filter>
    </Image>
    <Image Include="Resources\Textures\Village\Buildings\House1.png">
      <Filter>Resource Files</Filter>
    </Image>
    <Image Include="Resources\Textures\Village\Buildings\House2.png">
      <Filter>Resource Files</Filter>
    </Image>
    <Image Include="Resources\Textures\Village\Buildings\House3.png">
      <Filter>Resource Files</Filter>
    </Image>
    <Image Include="Resources\Textures\Village\Buildings\House4.png">
      <Filter>Resource Files</Filter>
    </Image>
    <Image Include="Resources\Textures\Village\Buildings\MarketFoodStalls.png">
      <Filter>Resource Files</Filter>
    </Image>
    <Image Include="Resources\Textures\Village\Buildings\MarketFoodStalls2.png">
      <Filter>Resource Files</Filter>
    </Image>
    <Image Include="Resources\Textures\Village\Buildings\MarketStall.png">
      <Filter>Resource Files</Filter>
    </Image>
    <Image Include="Resources\Textures\Village\Buildings\MarketStallMultiple.png">
      <Filter>Resource Files</Filter>
    </Image>
    <Image Include="Resources\Textures\Village\Buildings\Mosque.png">
      <Filter>Resource Files</Filter>
    </Image>
    <Image Include="Resources\Textures\Village\Buildings\Playground.png">
      <Filter>Resource Files</Filter>
    </Image>
    <Image Include="Resources\Textures\Village\Buildings\Pylon.png">
      <Filter>Resource Files</Filter>
    </Image>
    <Image Include="Resources\Textures\Village\Buildings\SacksOfFood.png">
      <Filter>Resource Files</Filter>
    </Image>
    <Image Include="Resources\Textures\Village\Buildings\School.png">
      <Filter>Resource Files</Filter>
    </Image>
    <Image Include="Resources\Textures\Village\Buildings\Sign.png">
      <Filter>Resource Files</Filter>
    </Image>
    <Image Include="Resources\Textures\Village\Buildings\Toilet.png">
      <Filter>Resource Files</Filter>
    </Image>
    <Image Include="Resources\Textures\Village\Buildings\Well.png">
      <Filter>Resource Files</Filter>
    </Image>
    <Image Include="Resources\Textures\Village\Child%28Life%29.png">
      <Filter>Resource Files</Filter>
    </Image>
    <Image Include="Resources\Textures\Worker\Chop\chop1.png">
      <Filter>Resource Files</Filter>
    </Image>
    <Image Include="Resources\Textures\Worker\Chop\chop2.png">
      <Filter>Resource Files</Filter>
    </Image>
    <Image Include="Resources\Textures\Worker\Chop\chop3.png">
      <Filter>Resource Files</Filter>
    </Image>
    <Image Include="Resources\Textures\Worker\Idle\Idle.png">
      <Filter>Resource Files</Filter>
    </Image>
    <Image Include="Resources\Textures\Worker\IdleNoMachete\IdleNoMachete.png">
      <Filter>Resource Files</Filter>
    </Image>
    <Image Include="Resources\Textures\Worker\Walking\walk1.png">
      <Filter>Resource Files</Filter>
    </Image>
    <Image Include="Resources\Textures\Worker\Walking\walk2.png">
      <Filter>Resource Files</Filter>
    </Image>
    <Image Include="Resources\Textures\Worker\Walking\walk3.png">
      <Filter>Resource Files</Filter>
    </Image>
    <Image Include="Resources\Textures\Worker\Walking\walk4.png">
      <Filter>Resource Files</Filter>
    </Image>
    <Image Include="Resources\Textures\Worker\WalkingNoMachete\sprite 1.png">
      <Filter>Resource Files</Filter>
    </Image>
    <Image Include="Resources\Textures\Worker\WalkingNoMachete\Sprite 2.png">
      <Filter>Resource Files</Filter>
    </Image>
    <Image Include="Resources\Textures\Worker\WalkingNoMachete\Sprite 3.png">
      <Filter>Resource Files</Filter>
    </Image>
    <Image Include="Resources\Textures\Worker\WalkingNoMachete\Sprite 4.png">
      <Filter>Resource Files</Filter>
    </Image>
    <Image Include="Resources\Textures\UI\AudioPlaying.png">
      <Filter>Resource Files</Filter>
    </Image>
    <Image Include="Resources\Textures\UI\Bar.png">
      <Filter>Resource Files</Filter>
    </Image>
    <Image Include="Resources\Textures\UI\Book.png">
      <Filter>Resource Files</Filter>
    </Image>
    <Image Include="Resources\Textures\UI\Child.png">
      <Filter>Resource Files</Filter>
    </Image>
    <Image Include="Resources\Textures\UI\Cross.png">
      <Filter>Resource Files</Filter>
    </Image>
    <Image Include="Resources\Textures\UI\Donate.png">
      <Filter>Resource Files</Filter>
    </Image>
    <Image Include="Resources\Textures\UI\GameLogo.png">
      <Filter>Resource Files</Filter>
    </Image>
    <Image Include="Resources\Textures\UI\GameLogoForIOS.png">
      <Filter>Resource Files</Filter>
    </Image>
    <Image Include="Resources\Textures\UI\Happiness.png">
      <Filter>Resource Files</Filter>
    </Image>
    <Image Include="Resources\Textures\UI\Health.png">
      <Filter>Resource Files</Filter>
    </Image>
    <Image Include="Resources\Textures\UI\Menu.png">
      <Filter>Resource Files</Filter>
    </Image>
    <Image Include="Resources\Textures\UI\Outline.png">
      <Filter>Resource Files</Filter>
    </Image>
    <Image Include="Resources\Textures\UI\Pause.png">
      <Filter>Resource Files</Filter>
    </Image>
    <Image Include="Resources\Textures\UI\Play.png">
      <Filter>Resource Files</Filter>
    </Image>
    <Image Include="Resources\Textures\UI\Safety.png">
      <Filter>Resource Files</Filter>
    </Image>
    <Image Include="Resources\Textures\UI\Text Box.png">
      <Filter>Resource Files</Filter>
    </Image>
    <Image Include="Resources\Textures\UI\AudioMuted.png">
      <Filter>Resource Files</Filter>
    </Image>
    <Image Include="Resources\Textures\Icons\WindowIcon.png">
      <Filter>Resource Files</Filter>
    </Image>
  </ItemGroup>
  <ItemGroup>
    <Media Include="Resources\Audio\Donate.wav">
      <Filter>Resource Files</Filter>
    </Media>
    <Media Include="Resources\Audio\Birth.wav">
      <Filter>Resource Files</Filter>
    </Media>
    <Media Include="Resources\Audio\ChildTrafficked.wav">
      <Filter>Resource Files</Filter>
    </Media>
    <Media Include="Resources\Audio\Click.wav">
      <Filter>Resource Files</Filter>
    </Media>
    <Media Include="Resources\Audio\Death.wav">
      <Filter>Resource Files</Filter>
    </Media>
    <Media Include="Resources\Audio\Home.wav">
      <Filter>Resource Files</Filter>
    </Media>
    <Media Include="Resources\Audio\Hospital.wav">
      <Filter>Resource Files</Filter>
    </Media>
    <Media Include="Resources\Audio\kalimba breeze V1.mp3" />
    <Media Include="Resources\Audio\Market.wav">
      <Filter>Resource Files</Filter>
    </Media>
    <Media Include="Resources\Audio\Money.wav">
      <Filter>Resource Files</Filter>
    </Media>
    <Media Include="Resources\Audio\Mosque.wav">
      <Filter>Resource Files</Filter>
    </Media>
    <Media Include="Resources\Audio\School.wav">
      <Filter>Resource Files</Filter>
    </Media>
    <Media Include="Resources\Audio\Well.wav">
      <Filter>Resource Files</Filter>
    </Media>
    <Media Include="Resources\Audio\Work.wav">
      <Filter>Resource Files</Filter>
    </Media>
    <Media Include="Resources\Videos\IntroMovie.mp4" />
  </ItemGroup>
  <ItemGroup>
    <Font Include="Resources\Fonts\Calculator.ttf" />
    <Font Include="Resources\Fonts\PressStart2P.ttf" />
    <Font Include="Resources\Fonts\RosesareFF0000.ttf" />
  </ItemGroup>
  <ItemGroup>
    <ClCompile Include="Source\Main.cpp">
      <Filter>Source Files</Filter>
    </ClCompile>
    <ClCompile Include="Source\Lua\ScriptCommands\MCFScriptCommands.cpp">
      <Filter>Source Files</Filter>
    </ClCompile>
    <ClCompile Include="Source\Lua\ScriptCommands\Settings\WindowSettingsScriptCommands.cpp">
      <Filter>Source Files</Filter>
    </ClCompile>
    <ClCompile Include="Source\Settings\WindowSettings.cpp">
      <Filter>Source Files</Filter>
    </ClCompile>
  </ItemGroup>
  <ItemGroup>
    <ClInclude Include="Headers\Lua\ScriptCommands\MCFScriptCommands.h">
      <Filter>Header Files</Filter>
    </ClInclude>
    <ClInclude Include="Headers\Settings\WindowSettings.h">
      <Filter>Header Files</Filter>
    </ClInclude>
    <ClInclude Include="Headers\Lua\ScriptCommands\Settings\WindowSettingsScriptCommands.h">
      <Filter>Header Files</Filter>
    </ClInclude>
  </ItemGroup>
</Project>